{
  "originHash" : "d2dc53affa9e73e5a47d89115ae40261f21168fe4be2e12afdff0f2712fcf344",
  "pins" : [
    {
      "identity" : "privy-ios",
      "kind" : "remoteSourceControl",
      "location" : "https://github.com/privy-io/privy-ios",
      "state" : {
        "revision" : "5bac0c102f608989f2b117606bfd3aa35d9feb74",
        "version" : "2.9.2"
      }
    }
  ],
  "version" : 3
}
